# Pins for ports/alpine/prepare.py (ALPINE_RELOCK=1 rewrites it).
# file: sha256 of a downloaded file; pkg: an installed name-version.
file acl-libs-2.3.2-r1.3d68c117.apk 377073374b782268065b776a0bffeac053b76ea474155786374918f69a8c0446
file alpine-minirootfs-3.22.6-x86.tar.gz 664ff599815a9dd0a181495776ef388e73eccbc1d5b4a165b485347879c18ae8
file alsa-lib-1.2.14-r0.8f90aa04.apk 5dd1bf1a99d68eb40cb9254e8eda7135f2b0af9be8453c69b904409675679fac
file alsa-ucm-conf-1.2.14-r0.89de1035.apk 31e39d89ed21c6e3d63b0ce5c7db5518ddfc01ec64f78dfeaf19d58a2ef0af0a
file alsa-utils-1.2.14-r0.b36d6f43.apk d4ea5820e3b728eea0e2ea207985882b5c58ae77239691db68bc0af8073c389b
file apk-tools-static-2.14.12-r0.apk 663a65b0c8b0f2cd7eaa63520c42b62b1852bcb67d622a809bedbd2bb43d2801
file bash-5.2.37-r0.52b6daec.apk 6a139a0072d450d3428b15798268871fbae2934a0c71b38784af9dc7b2d4e9c1
file brotli-libs-1.1.0-r2.fc1bb2be.apk 44182528fb903e97b14dc5848732752873e1a21ecc21d17c4538e2c0b1f1101e
file c-ares-1.34.8-r0.0075c5fd.apk 23adbfe5527f89aeddd3f364adc36848b7bde8b246efce7e2905f8f25a247423
file coreutils-9.7-r1.12708e3d.apk 8acce9601c66f28f6c620c043c8061727a449a0b4ed8f2252033a2a80cf58cd1
file coreutils-env-9.7-r1.15195f6e.apk e05dbc3f76a20db53bcfa4d40424cab2dace6dc77a4a6f9e7548d8f983d6659b
file coreutils-fmt-9.7-r1.a4f75eb8.apk 572e1ffb7bda0a7bbd0e23bff15956ffc6ab8f2d806ee884a309837b5b069186
file coreutils-sha512sum-9.7-r1.7d639699.apk 1c84bd6878816365882b181ff30c81dab385d58cf5c20ebca597aa1d43fb715e
file dialog-1.3.20250116-r1.e65672d8.apk ebe9e13babdd640f939eff6884ca8fc902817daff80f0b4c4f83dc0cc28bdf20
file fftw-single-libs-3.3.10-r6.b0858b96.apk 9bd1a419766c78556a94c72eba4311804d9f5a8e691c84ab602ba56d851c525d
file gdbm-1.24-r0.650fc63b.apk 5776e9586fc0520f2029cd77e8acbdd21ee586867eb518f71e90fe45d2454960
file git-2.49.1-r0.998f1b6c.apk 8417e1f1a1867c0bb4f5e482061f65d2f9260220a4d9191fd65178726f72f0df
file git-init-template-2.49.1-r0.fb088b46.apk 14a5b7d261804702e075043d51124816f2bb898212c6a4c057442c7cfb7ebbd3
file less-679-r0.0df72c2f.apk c9720d62bdbc5e48fe8f917b6809def76dfc9fdcf74f4e6afa711b92fe3d3b95
file libattr-2.5.2-r2.46ad1ac9.apk cc4a090e879b46d0c27814c1ed28877308b9038f6d652cb2dd426a903ff0bd09
file libbz2-1.0.8-r6.e4ed6078.apk bdd77af63b97e79714d1ff0baa8ca08c18098b7987f24f11b52d9f11ba1bcadd
file libcurl-8.14.1-r3.2417c887.apk 736f4987c7c46cb0c1531896cbd8629acb97c1348dbb8b0c1b317e7134facd44
file libedit-20250104.3.1-r1.672dcbf9.apk d6408aaf148c609cfc0f4bc5de5ce20180ac70c6b2bc0cd51790d31057ca4c4f
file libexpat-2.8.5-r0.c4b02353.apk fa28ea230b7c1f68a67e1fcfbf8ab6c09ec41266608bb4dab2fe0ebbd0cf991a
file libffi-3.4.8-r0.e7cf9cc3.apk ad588b91a38f0c2828347080c96a39062af51a1f06ea3d5e170a988781ef18b6
file libformw-6.5_p20250503-r0.f97d31a7.apk 52cdf8a5a5f32f017d253ca0d36254b002d2c5c20669a5b3fe9454773fc70911
file libgcc-14.2.0-r6.1ede2772.apk a34b11774b5129374540676551071c60486a40ff507812d001a144ae44ffd7ea
file libidn2-2.3.7-r0.8594a3e5.apk b11a65039a6f2b92038502890252d23736325faf656ae9a24cfe67c81c7080d7
file libmenuw-6.5_p20250503-r0.674f9412.apk 6fb8448615f157daa779abaf19b3ff5c8d2a1f65b30c179eb3d2cb9bd3335a74
file libncursesw-6.5_p20250503-r0.1a20c4a3.apk b1262e30c3eb0c9a9b74dba4f33c36ca37e33c4a060429af22f371236bfd4d61
file libpanelw-6.5_p20250503-r0.e24a26c3.apk 99d7af1e225dc199179f892b577f8ac74d7b7a3da08cd7bc7450fd838c8f8361
file libpsl-0.21.5-r3.cb6c43f4.apk 1fb1abe0eb7329d261364e15547f4d3fc4e394dfc1519cbaaca293b5add5ee76
file libstdc++-14.2.0-r6.d2eaf01f.apk 009297e8c8a9a9ed12518cce15fe07d0274de7146bf20e363b2f132e083c6ec6
file libunistring-1.3-r0.a6ffba09.apk 198633a94e9e9a859e5081b1216fd60a6eb4c9e5032ba6eb611bff8972950afb
file mpdecimal-4.0.1-r0.504fe40f.apk 487e6264a7c2371f991e5924c4c12e9329e94e0f648ba0598a718694489a8ece
file nano-8.4-r0.9530888f.apk d5fb5ce60cc5b0f3f10f2c5bde5a30ae06d93537b08f0bf57ffd522f8ec290aa
file ncurses-terminfo-base-6.5_p20250503-r0.fea2cc08.apk 3264426877964e0ac55488ede6313e907d3663f831008b45fa27c95d60ac34b8
file nghttp2-libs-1.69.0-r0.04027969.apk 70c16aa0bf0ace08427e546a8c5966a1059794f629fad8fe9bf945af187ee810
file openssh-client-common-10.0_p1-r10.e3a7ce10.apk 38ab974e46dc93b717148f69ded46f507c2f6712f30cde56463bb2c3d495b4b7
file openssh-client-default-10.0_p1-r10.ead37060.apk 2d020eef1cb7458f2e4d246b72b365f9cdff0e30114ecdffdeb51f7c22634c8b
file openssh-keygen-10.0_p1-r10.12e0efd9.apk fefa19c2a63edb2b9eee9d7a5d7b878355be761d86682ed9fde61eaaf089a5dd
file pcre2-10.46-r0.18ec3011.apk eafeb653254c467dcdf2032a6a936db0c5f500733a49d16d6a1a8e5b0225f0b9
file python3-3.12.14-r0.1920ab30.apk 70c6d810b653962908715c5151bdde06db5cddf6578a656e75534f2af338f8d5
file python3-pycache-pyc0-3.12.14-r0.6c641485.apk e002cd4aac067d848d194c1bdf4aae516fc4f05a2687f1c28561a87eb7027ca7
file readline-8.2.13-r1.cca6bcd2.apk 29e35b5876481d0d1d4f60fdfdbd59a0c974d86e6355f7c38ea85518645ada6b
file skalibs-libs-2.14.4.0-r0.b33bdf36.apk 8973ee7375fea1ba1757cee0c2590e1a3b3f1ad0407df79cd2054729088fb70a
file sqlite-libs-3.49.2-r1.63e86c9c.apk 8f02658fa7fb60a4d25b8a167fbd140bd58ea26d2d56f8ef15d8c16b3d1e6447
file tree-2.2.1-r0.apk 7b6f11680a3f16097d99bb0a5558b62499b1cbea1d1c39f7fed58f38b5ae325b
file utmps-libs-0.1.3.1-r0.3c5dea1f.apk d7bc2c29a46e48ca4616c21fd1d611901a4f11ed4b0a2ae51f7e720363279739
file vim-9.1.1566-r0.60d72e34.apk 6638b21f6c1ac723f260fb146e27bb19305b6668a7e380e946c278548518002b
file vim-common-9.1.1566-r0.77da8d2a.apk 1e2bf18546ba82313b59b9ee03546cfde852ca4c9dad250006117a8695cb3f1c
file xxd-9.1.1566-r0.c5110b87.apk 7ce10abdaf5ffddf84ba671f62702c662c9ba584ced1dce73d4217cb0b3d11d2
file xz-libs-5.8.4-r0.44ef4b65.apk 8cfdd002358b780c35087176edf8f03ad302a20efc7139c91bd710fe0ebec6ff
file zstd-libs-1.5.7-r0.bea3fb1a.apk af64af859e619af891546e18f1c5bb22f1d9c05fa7b74aef6579b253c3be62a1
pkg acl-libs-2.3.2-r1
pkg alpine-baselayout-3.7.0-r0
pkg alpine-baselayout-data-3.7.0-r0
pkg alpine-keys-2.5-r0
pkg alpine-release-3.22.6-r0
pkg alsa-lib-1.2.14-r0
pkg alsa-ucm-conf-1.2.14-r0
pkg alsa-utils-1.2.14-r0
pkg apk-tools-2.14.12-r0
pkg bash-5.2.37-r0
pkg brotli-libs-1.1.0-r2
pkg busybox-1.37.0-r20
pkg busybox-binsh-1.37.0-r20
pkg c-ares-1.34.8-r0
pkg ca-certificates-bundle-20260909-r0
pkg coreutils-9.7-r1
pkg coreutils-env-9.7-r1
pkg coreutils-fmt-9.7-r1
pkg coreutils-sha512sum-9.7-r1
pkg dialog-1.3.20250116-r1
pkg fftw-single-libs-3.3.10-r6
pkg gdbm-1.24-r0
pkg git-2.49.1-r0
pkg git-init-template-2.49.1-r0
pkg less-679-r0
pkg libapk2-2.14.12-r0
pkg libattr-2.5.2-r2
pkg libbz2-1.0.8-r6
pkg libcrypto3-3.5.8-r0
pkg libcurl-8.14.1-r3
pkg libedit-20250104.3.1-r1
pkg libexpat-2.8.5-r0
pkg libffi-3.4.8-r0
pkg libformw-6.5_p20250503-r0
pkg libgcc-14.2.0-r6
pkg libidn2-2.3.7-r0
pkg libmenuw-6.5_p20250503-r0
pkg libncursesw-6.5_p20250503-r0
pkg libpanelw-6.5_p20250503-r0
pkg libpsl-0.21.5-r3
pkg libssl3-3.5.8-r0
pkg libstdc++-14.2.0-r6
pkg libunistring-1.3-r0
pkg mpdecimal-4.0.1-r0
pkg musl-1.2.5-r12
pkg musl-utils-1.2.5-r12
pkg nano-8.4-r0
pkg ncurses-terminfo-base-6.5_p20250503-r0
pkg nghttp2-libs-1.69.0-r0
pkg openssh-client-common-10.0_p1-r10
pkg openssh-client-default-10.0_p1-r10
pkg openssh-keygen-10.0_p1-r10
pkg pcre2-10.46-r0
pkg pyc-3.12.14-r0
pkg python3-3.12.14-r0
pkg python3-pyc-3.12.14-r0
pkg python3-pycache-pyc0-3.12.14-r0
pkg readline-8.2.13-r1
pkg repo:tree-2.2.1-r0
pkg scanelf-1.3.8-r1
pkg skalibs-libs-2.14.4.0-r0
pkg sqlite-libs-3.49.2-r1
pkg ssl_client-1.37.0-r20
pkg utmps-libs-0.1.3.1-r0
pkg vim-9.1.1566-r0
pkg vim-common-9.1.1566-r0
pkg xxd-9.1.1566-r0
pkg xz-libs-5.8.4-r0
pkg zlib-1.3.2-r0
pkg zstd-libs-1.5.7-r0
